github.com/BurntSushi/toml v0.3.1 h1:WXkYYl6Yr3qBf1K79EBnL4mak0OimBfB0XUf9Vl28OQ=
github.com/BurntSushi/toml v0.3.1/go.mod h1:xHWCNGjB5oqiDr8zfno3MHue2Ht5sIBksp03qcyfWMU=
github.com/atotto/clipboard v0.1.2 h1:YZCtFu5Ie8qX2VmVTBnrqLSiU9XOWwqNRmdT3gIQzbY=
github.com/atotto/clipboard v0.1.2/go.mod h1:ZY9tmq7sm5xIbd9bOK4onWV4S6X0u6GY7Vn0Yu86PYI=
github.com/mitchellh/go-homedir v1.1.0 h1:lukF9ziXFxDFPkA1vsr5zpc1XuPDn/wFntq5mG+4E0Y=
github.com/mitchellh/go-homedir v1.1.0/go.mod h1:SfyaCUpYCn1Vlf4IUYiD9fPX4A5wJrkLzIz1N1q0pr0=
github.com/monochromegane/conflag v0.0.0-20151130130520-6d68c9aa4183 h1:qiYr4zwNwHMPoaW4TF+h0ceJz5yKh4M4TSn9oXp8wpk=
github.com/monochromegane/conflag v0.0.0-20151130130520-6d68c9aa4183/go.mod h1:f2UvyfKK/li28p14QMUetMUN5wkePmmqIJjCKS+P5XA=
github.com/skratchdot/open-golang v0.0.0-20190402232053-79abb63cd66e h1:VAzdS5Nw68fbf5RZ8RDVlUvPXNU6Z3jtPCK/qvm4FoQ=
github.com/skratchdot/open-golang v0.0.0-20190402232053-79abb63cd66e/go.mod h1:sUM3LWHvSMaG192sy56D9F7CNvL7jUJVXoqM1QKLnog=
gopkg.in/check.v1 v0.0.0-20161208181325-20d25e280405 h1:yhCVgyC4o1eVCa2tZl7eS0r+SDo693bJlVdllGtEeKM=
gopkg.in/check.v1 v0.0.0-20161208181325-20d25e280405/go.mod h1:Co6ibVJAznAaIkqp8huTwlJQCZ016jof/cbN4VW5Yz0=
gopkg.in/yaml.v2 v2.2.2 h1:ZCJp+EgiOT7lHqUV2J862kp8Qj64Jo6az82+3Td9dZw=
gopkg.in/yaml.v2 v2.2.2/go.mod h1:hI93XBmqTisBFMUTm0b8Fm+jr3Dg1NNxqwp+5A1VGuI=
